
Microsoft Visual Studio Solution File, Format Version 12.00
# Visual Studio 14
VisualStudioVersion = 14.0.24720.0
MinimumVisualStudioVersion = 10.0.40219.1
Project("{FAE04EC0-301F-11D3-BF4B-00C04F79EFBC}") = "Ejemplo01_01", "CODE\Ejemplo01_01\Ejemplo01_01\Ejemplo01_01.csproj", "{542F2D2B-EF2A-431C-9346-D04B894683D0}"
EndProject
Project("{FAE04EC0-301F-11D3-BF4B-00C04F79EFBC}") = "Ejemplo01_02", "CODE\Ejemplo01_02\Ejemplo01_02.csproj", "{F0488ACC-9814-42F9-A60F-AD078CB09D76}"
EndProject
Project("{FAE04EC0-301F-11D3-BF4B-00C04F79EFBC}") = "Ejemplo02_01", "CODE\Ejemplo02_01\Ejemplo02_01\Ejemplo02_01.csproj", "{9D8960AD-83AA-4B36-9E17-6323F14AB933}"
EndProject
Project("{FAE04EC0-301F-11D3-BF4B-00C04F79EFBC}") = "Ejemplo02_02", "CODE\Ejemplo02_02\Ejemplo02_02\Ejemplo02_02.csproj", "{B15ABF15-A2BC-474F-9111-209DB96FE32F}"
EndProject
Project("{FAE04EC0-301F-11D3-BF4B-00C04F79EFBC}") = "Ejemplo02_03", "CODE\Ejemplo02_03\Ejemplo02_03\Ejemplo02_03.csproj", "{18C06511-0335-4CDD-B4AF-BA3F193066EF}"
EndProject
Project("{FAE04EC0-301F-11D3-BF4B-00C04F79EFBC}") = "Ejemplo02_04", "CODE\Ejemplo02_04\Ejemplo02_04\Ejemplo02_04.csproj", "{BD677ECF-2D13-4B75-A643-0B9DAB9EB9BE}"
EndProject
Project("{FAE04EC0-301F-11D3-BF4B-00C04F79EFBC}") = "Ejemplo03_01", "CODE\Ejemplo03_01\Ejemplo03_01\Ejemplo03_01.csproj", "{30B1D923-FAB6-4BCD-852E-EFC0A2DCACB4}"
EndProject
Project("{FAE04EC0-301F-11D3-BF4B-00C04F79EFBC}") = "Ejemplo04_01", "CODE\Ejemplo04_01\Ejemplo04_01\Ejemplo04_01.csproj", "{103A2ECB-BB83-4D30-B3E5-55D6D17852FB}"
EndProject
Project("{FAE04EC0-301F-11D3-BF4B-00C04F79EFBC}") = "Ejemplo05_01", "CODE\Ejemplo05_01\Ejemplo05_01\Ejemplo05_01.csproj", "{87966D2A-DE83-47D6-B848-3A0564899E27}"
EndProject
Project("{FAE04EC0-301F-11D3-BF4B-00C04F79EFBC}") = "Ejemplo05_02", "CODE\Ejemplo05_02\Ejemplo05_02\Ejemplo05_02.csproj", "{7A90DFA8-DCF6-4130-91E0-CC193DCDDC59}"
EndProject
Project("{FAE04EC0-301F-11D3-BF4B-00C04F79EFBC}") = "Ejemplo06_01", "CODE\Ejemplo06_01\Ejemplo06_01\Ejemplo06_01.csproj", "{AE558FF6-F57E-4D23-9895-CBE44BA450D7}"
EndProject
Project("{FAE04EC0-301F-11D3-BF4B-00C04F79EFBC}") = "Ejemplo07_01", "CODE\Ejemplo07_01\Ejemplo07_01\Ejemplo07_01.csproj", "{F4773FBC-A3CF-4BCA-A3B0-98D5437BBAEE}"
EndProject
Project("{FAE04EC0-301F-11D3-BF4B-00C04F79EFBC}") = "Ejemplo08_01", "CODE\Ejemplo08_01\Ejemplo08_01\Ejemplo08_01.csproj", "{791EB32B-E6FB-446A-A0E0-F504DC465E40}"
EndProject
Project("{FAE04EC0-301F-11D3-BF4B-00C04F79EFBC}") = "Ejemplo09_01", "CODE\Ejemplo09_01\Ejemplo09_01\Ejemplo09_01.csproj", "{0637CEE1-4DCE-4017-99D4-95B801CA2FA7}"
EndProject
Project("{FAE04EC0-301F-11D3-BF4B-00C04F79EFBC}") = "Ejemplo09_02", "CODE\Ejemplo09_02\Ejemplo09_02\Ejemplo09_02.csproj", "{29F1A010-A01B-454C-B7CB-388F3D03EB24}"
EndProject
Project("{FAE04EC0-301F-11D3-BF4B-00C04F79EFBC}") = "Ejemplo10_01", "CODE\Ejemplo10_01\Ejemplo10_01\Ejemplo10_01.csproj", "{AC40DB58-1710-4736-B167-4EB746FE9AD3}"
EndProject
Project("{2150E333-8FDC-42A3-9474-1A3956D46DE8}") = "Cap01", "Cap01", "{57C66AA1-7F31-45EB-A795-CA41D47E0A66}"
EndProject
Project("{2150E333-8FDC-42A3-9474-1A3956D46DE8}") = "Cap02", "Cap02", "{BDDA9CF1-CD15-450E-9840-9F6301BF00D6}"
EndProject
Project("{2150E333-8FDC-42A3-9474-1A3956D46DE8}") = "Cap05", "Cap05", "{12512759-9AD0-4F99-BCAB-568503ACAAC1}"
EndProject
Project("{2150E333-8FDC-42A3-9474-1A3956D46DE8}") = "Cap09", "Cap09", "{E6D2CD49-1BA2-43DC-B885-A301809746CE}"
EndProject
Project("{FAE04EC0-301F-11D3-BF4B-00C04F79EFBC}") = "Ejemplo11_01", "CODE\Ejemplo11_01\Ejemplo11_01\Ejemplo11_01.csproj", "{4339FA66-2EC0-4752-9EC1-CCFE0A7930E7}"
EndProject
Project("{FAE04EC0-301F-11D3-BF4B-00C04F79EFBC}") = "Ejemplo11_02", "CODE\Ejemplo11_02\Ejemplo11_02\Ejemplo11_02.csproj", "{566A7FE4-CA57-40DF-86C5-A707E8B42276}"
EndProject
Project("{FAE04EC0-301F-11D3-BF4B-00C04F79EFBC}") = "Ejemplo11_03", "CODE\Ejemplo11_03\Ejemplo11_03\Ejemplo11_03.csproj", "{B47A67DA-9569-41B5-82CC-B11BD038186E}"
EndProject
Project("{FAE04EC0-301F-11D3-BF4B-00C04F79EFBC}") = "Ejemplo11_04", "CODE\Ejemplo11_04\Ejemplo11_04\Ejemplo11_04.csproj", "{A86DCD2F-D830-477D-853E-7B566BC90A71}"
EndProject
Project("{2150E333-8FDC-42A3-9474-1A3956D46DE8}") = "Cap11", "Cap11", "{875463AA-AADE-4D15-88A6-A8D30EBFD723}"
EndProject
Project("{FAE04EC0-301F-11D3-BF4B-00C04F79EFBC}") = "Ejemplo12_01", "CODE\Ejemplo12_01\Ejemplo12_01\Ejemplo12_01.csproj", "{45DCBA5F-657D-4610-96CB-67C964EB8883}"
EndProject
Project("{FAE04EC0-301F-11D3-BF4B-00C04F79EFBC}") = "Ejemplo14_01", "CODE\Ejemplo14_01\Ejemplo14_01\Ejemplo14_01.csproj", "{C5B758FF-FA50-41A4-8E3C-691C8136F27F}"
EndProject
Project("{FAE04EC0-301F-11D3-BF4B-00C04F79EFBC}") = "Clases", "CODE\Clases\Clases\Clases.csproj", "{5D8652A6-01FD-4C67-857B-690BF3960C59}"
EndProject
Project("{FAE04EC0-301F-11D3-BF4B-00C04F79EFBC}") = "ObjectDumper", "CODE\ObjectDumper\ObjectDumper.csproj", "{D2BE27AE-A151-4259-931A-D95B906E10B6}"
EndProject
Project("{FAE04EC0-301F-11D3-BF4B-00C04F79EFBC}") = "Futbol", "CODE\Clases\Futbol\Futbol.csproj", "{002C2010-27C1-48D1-B4FB-9EF85660842F}"
EndProject
Global
	GlobalSection(SolutionConfigurationPlatforms) = preSolution
		Debug|Any CPU = Debug|Any CPU
		Release|Any CPU = Release|Any CPU
	EndGlobalSection
	GlobalSection(ProjectConfigurationPlatforms) = postSolution
		{542F2D2B-EF2A-431C-9346-D04B894683D0}.Debug|Any CPU.ActiveCfg = Debug|Any CPU
		{542F2D2B-EF2A-431C-9346-D04B894683D0}.Debug|Any CPU.Build.0 = Debug|Any CPU
		{542F2D2B-EF2A-431C-9346-D04B894683D0}.Release|Any CPU.ActiveCfg = Release|Any CPU
		{542F2D2B-EF2A-431C-9346-D04B894683D0}.Release|Any CPU.Build.0 = Release|Any CPU
		{F0488ACC-9814-42F9-A60F-AD078CB09D76}.Debug|Any CPU.ActiveCfg = Debug|Any CPU
		{F0488ACC-9814-42F9-A60F-AD078CB09D76}.Debug|Any CPU.Build.0 = Debug|Any CPU
		{F0488ACC-9814-42F9-A60F-AD078CB09D76}.Release|Any CPU.ActiveCfg = Release|Any CPU
		{F0488ACC-9814-42F9-A60F-AD078CB09D76}.Release|Any CPU.Build.0 = Release|Any CPU
		{9D8960AD-83AA-4B36-9E17-6323F14AB933}.Debug|Any CPU.ActiveCfg = Debug|Any CPU
		{9D8960AD-83AA-4B36-9E17-6323F14AB933}.Debug|Any CPU.Build.0 = Debug|Any CPU
		{9D8960AD-83AA-4B36-9E17-6323F14AB933}.Release|Any CPU.ActiveCfg = Release|Any CPU
		{9D8960AD-83AA-4B36-9E17-6323F14AB933}.Release|Any CPU.Build.0 = Release|Any CPU
		{B15ABF15-A2BC-474F-9111-209DB96FE32F}.Debug|Any CPU.ActiveCfg = Debug|Any CPU
		{B15ABF15-A2BC-474F-9111-209DB96FE32F}.Debug|Any CPU.Build.0 = Debug|Any CPU
		{B15ABF15-A2BC-474F-9111-209DB96FE32F}.Release|Any CPU.ActiveCfg = Release|Any CPU
		{B15ABF15-A2BC-474F-9111-209DB96FE32F}.Release|Any CPU.Build.0 = Release|Any CPU
		{18C06511-0335-4CDD-B4AF-BA3F193066EF}.Debug|Any CPU.ActiveCfg = Debug|Any CPU
		{18C06511-0335-4CDD-B4AF-BA3F193066EF}.Debug|Any CPU.Build.0 = Debug|Any CPU
		{18C06511-0335-4CDD-B4AF-BA3F193066EF}.Release|Any CPU.ActiveCfg = Release|Any CPU
		{18C06511-0335-4CDD-B4AF-BA3F193066EF}.Release|Any CPU.Build.0 = Release|Any CPU
		{BD677ECF-2D13-4B75-A643-0B9DAB9EB9BE}.Debug|Any CPU.ActiveCfg = Debug|Any CPU
		{BD677ECF-2D13-4B75-A643-0B9DAB9EB9BE}.Debug|Any CPU.Build.0 = Debug|Any CPU
		{BD677ECF-2D13-4B75-A643-0B9DAB9EB9BE}.Release|Any CPU.ActiveCfg = Release|Any CPU
		{BD677ECF-2D13-4B75-A643-0B9DAB9EB9BE}.Release|Any CPU.Build.0 = Release|Any CPU
		{30B1D923-FAB6-4BCD-852E-EFC0A2DCACB4}.Debug|Any CPU.ActiveCfg = Debug|Any CPU
		{30B1D923-FAB6-4BCD-852E-EFC0A2DCACB4}.Debug|Any CPU.Build.0 = Debug|Any CPU
		{30B1D923-FAB6-4BCD-852E-EFC0A2DCACB4}.Release|Any CPU.ActiveCfg = Release|Any CPU
		{30B1D923-FAB6-4BCD-852E-EFC0A2DCACB4}.Release|Any CPU.Build.0 = Release|Any CPU
		{103A2ECB-BB83-4D30-B3E5-55D6D17852FB}.Debug|Any CPU.ActiveCfg = Debug|Any CPU
		{103A2ECB-BB83-4D30-B3E5-55D6D17852FB}.Debug|Any CPU.Build.0 = Debug|Any CPU
		{103A2ECB-BB83-4D30-B3E5-55D6D17852FB}.Release|Any CPU.ActiveCfg = Release|Any CPU
		{103A2ECB-BB83-4D30-B3E5-55D6D17852FB}.Release|Any CPU.Build.0 = Release|Any CPU
		{87966D2A-DE83-47D6-B848-3A0564899E27}.Debug|Any CPU.ActiveCfg = Debug|Any CPU
		{87966D2A-DE83-47D6-B848-3A0564899E27}.Debug|Any CPU.Build.0 = Debug|Any CPU
		{87966D2A-DE83-47D6-B848-3A0564899E27}.Release|Any CPU.ActiveCfg = Release|Any CPU
		{87966D2A-DE83-47D6-B848-3A0564899E27}.Release|Any CPU.Build.0 = Release|Any CPU
		{7A90DFA8-DCF6-4130-91E0-CC193DCDDC59}.Debug|Any CPU.ActiveCfg = Debug|Any CPU
		{7A90DFA8-DCF6-4130-91E0-CC193DCDDC59}.Debug|Any CPU.Build.0 = Debug|Any CPU
		{7A90DFA8-DCF6-4130-91E0-CC193DCDDC59}.Release|Any CPU.ActiveCfg = Release|Any CPU
		{7A90DFA8-DCF6-4130-91E0-CC193DCDDC59}.Release|Any CPU.Build.0 = Release|Any CPU
		{AE558FF6-F57E-4D23-9895-CBE44BA450D7}.Debug|Any CPU.ActiveCfg = Debug|Any CPU
		{AE558FF6-F57E-4D23-9895-CBE44BA450D7}.Debug|Any CPU.Build.0 = Debug|Any CPU
		{AE558FF6-F57E-4D23-9895-CBE44BA450D7}.Release|Any CPU.ActiveCfg = Release|Any CPU
		{AE558FF6-F57E-4D23-9895-CBE44BA450D7}.Release|Any CPU.Build.0 = Release|Any CPU
		{F4773FBC-A3CF-4BCA-A3B0-98D5437BBAEE}.Debug|Any CPU.ActiveCfg = Debug|Any CPU
		{F4773FBC-A3CF-4BCA-A3B0-98D5437BBAEE}.Debug|Any CPU.Build.0 = Debug|Any CPU
		{F4773FBC-A3CF-4BCA-A3B0-98D5437BBAEE}.Release|Any CPU.ActiveCfg = Release|Any CPU
		{F4773FBC-A3CF-4BCA-A3B0-98D5437BBAEE}.Release|Any CPU.Build.0 = Release|Any CPU
		{791EB32B-E6FB-446A-A0E0-F504DC465E40}.Debug|Any CPU.ActiveCfg = Debug|Any CPU
		{791EB32B-E6FB-446A-A0E0-F504DC465E40}.Debug|Any CPU.Build.0 = Debug|Any CPU
		{791EB32B-E6FB-446A-A0E0-F504DC465E40}.Release|Any CPU.ActiveCfg = Release|Any CPU
		{791EB32B-E6FB-446A-A0E0-F504DC465E40}.Release|Any CPU.Build.0 = Release|Any CPU
		{0637CEE1-4DCE-4017-99D4-95B801CA2FA7}.Debug|Any CPU.ActiveCfg = Debug|Any CPU
		{0637CEE1-4DCE-4017-99D4-95B801CA2FA7}.Debug|Any CPU.Build.0 = Debug|Any CPU
		{0637CEE1-4DCE-4017-99D4-95B801CA2FA7}.Release|Any CPU.ActiveCfg = Release|Any CPU
		{0637CEE1-4DCE-4017-99D4-95B801CA2FA7}.Release|Any CPU.Build.0 = Release|Any CPU
		{29F1A010-A01B-454C-B7CB-388F3D03EB24}.Debug|Any CPU.ActiveCfg = Debug|Any CPU
		{29F1A010-A01B-454C-B7CB-388F3D03EB24}.Debug|Any CPU.Build.0 = Debug|Any CPU
		{29F1A010-A01B-454C-B7CB-388F3D03EB24}.Release|Any CPU.ActiveCfg = Release|Any CPU
		{29F1A010-A01B-454C-B7CB-388F3D03EB24}.Release|Any CPU.Build.0 = Release|Any CPU
		{AC40DB58-1710-4736-B167-4EB746FE9AD3}.Debug|Any CPU.ActiveCfg = Debug|Any CPU
		{AC40DB58-1710-4736-B167-4EB746FE9AD3}.Debug|Any CPU.Build.0 = Debug|Any CPU
		{AC40DB58-1710-4736-B167-4EB746FE9AD3}.Release|Any CPU.ActiveCfg = Release|Any CPU
		{AC40DB58-1710-4736-B167-4EB746FE9AD3}.Release|Any CPU.Build.0 = Release|Any CPU
		{4339FA66-2EC0-4752-9EC1-CCFE0A7930E7}.Debug|Any CPU.ActiveCfg = Debug|Any CPU
		{4339FA66-2EC0-4752-9EC1-CCFE0A7930E7}.Debug|Any CPU.Build.0 = Debug|Any CPU
		{4339FA66-2EC0-4752-9EC1-CCFE0A7930E7}.Release|Any CPU.ActiveCfg = Release|Any CPU
		{4339FA66-2EC0-4752-9EC1-CCFE0A7930E7}.Release|Any CPU.Build.0 = Release|Any CPU
		{566A7FE4-CA57-40DF-86C5-A707E8B42276}.Debug|Any CPU.ActiveCfg = Debug|Any CPU
		{566A7FE4-CA57-40DF-86C5-A707E8B42276}.Debug|Any CPU.Build.0 = Debug|Any CPU
		{566A7FE4-CA57-40DF-86C5-A707E8B42276}.Release|Any CPU.ActiveCfg = Release|Any CPU
		{566A7FE4-CA57-40DF-86C5-A707E8B42276}.Release|Any CPU.Build.0 = Release|Any CPU
		{B47A67DA-9569-41B5-82CC-B11BD038186E}.Debug|Any CPU.ActiveCfg = Debug|Any CPU
		{B47A67DA-9569-41B5-82CC-B11BD038186E}.Debug|Any CPU.Build.0 = Debug|Any CPU
		{B47A67DA-9569-41B5-82CC-B11BD038186E}.Release|Any CPU.ActiveCfg = Release|Any CPU
		{B47A67DA-9569-41B5-82CC-B11BD038186E}.Release|Any CPU.Build.0 = Release|Any CPU
		{A86DCD2F-D830-477D-853E-7B566BC90A71}.Debug|Any CPU.ActiveCfg = Debug|Any CPU
		{A86DCD2F-D830-477D-853E-7B566BC90A71}.Debug|Any CPU.Build.0 = Debug|Any CPU
		{A86DCD2F-D830-477D-853E-7B566BC90A71}.Release|Any CPU.ActiveCfg = Release|Any CPU
		{A86DCD2F-D830-477D-853E-7B566BC90A71}.Release|Any CPU.Build.0 = Release|Any CPU
		{45DCBA5F-657D-4610-96CB-67C964EB8883}.Debug|Any CPU.ActiveCfg = Debug|Any CPU
		{45DCBA5F-657D-4610-96CB-67C964EB8883}.Debug|Any CPU.Build.0 = Debug|Any CPU
		{45DCBA5F-657D-4610-96CB-67C964EB8883}.Release|Any CPU.ActiveCfg = Release|Any CPU
		{45DCBA5F-657D-4610-96CB-67C964EB8883}.Release|Any CPU.Build.0 = Release|Any CPU
		{C5B758FF-FA50-41A4-8E3C-691C8136F27F}.Debug|Any CPU.ActiveCfg = Debug|Any CPU
		{C5B758FF-FA50-41A4-8E3C-691C8136F27F}.Debug|Any CPU.Build.0 = Debug|Any CPU
		{C5B758FF-FA50-41A4-8E3C-691C8136F27F}.Release|Any CPU.ActiveCfg = Release|Any CPU
		{C5B758FF-FA50-41A4-8E3C-691C8136F27F}.Release|Any CPU.Build.0 = Release|Any CPU
		{5D8652A6-01FD-4C67-857B-690BF3960C59}.Debug|Any CPU.ActiveCfg = Debug|Any CPU
		{5D8652A6-01FD-4C67-857B-690BF3960C59}.Debug|Any CPU.Build.0 = Debug|Any CPU
		{5D8652A6-01FD-4C67-857B-690BF3960C59}.Release|Any CPU.ActiveCfg = Release|Any CPU
		{5D8652A6-01FD-4C67-857B-690BF3960C59}.Release|Any CPU.Build.0 = Release|Any CPU
		{D2BE27AE-A151-4259-931A-D95B906E10B6}.Debug|Any CPU.ActiveCfg = Debug|Any CPU
		{D2BE27AE-A151-4259-931A-D95B906E10B6}.Debug|Any CPU.Build.0 = Debug|Any CPU
		{D2BE27AE-A151-4259-931A-D95B906E10B6}.Release|Any CPU.ActiveCfg = Release|Any CPU
		{D2BE27AE-A151-4259-931A-D95B906E10B6}.Release|Any CPU.Build.0 = Release|Any CPU
		{002C2010-27C1-48D1-B4FB-9EF85660842F}.Debug|Any CPU.ActiveCfg = Debug|Any CPU
		{002C2010-27C1-48D1-B4FB-9EF85660842F}.Debug|Any CPU.Build.0 = Debug|Any CPU
		{002C2010-27C1-48D1-B4FB-9EF85660842F}.Release|Any CPU.ActiveCfg = Release|Any CPU
		{002C2010-27C1-48D1-B4FB-9EF85660842F}.Release|Any CPU.Build.0 = Release|Any CPU
	EndGlobalSection
	GlobalSection(SolutionProperties) = preSolution
		HideSolutionNode = FALSE
	EndGlobalSection
	GlobalSection(NestedProjects) = preSolution
		{542F2D2B-EF2A-431C-9346-D04B894683D0} = {57C66AA1-7F31-45EB-A795-CA41D47E0A66}
		{F0488ACC-9814-42F9-A60F-AD078CB09D76} = {57C66AA1-7F31-45EB-A795-CA41D47E0A66}
		{9D8960AD-83AA-4B36-9E17-6323F14AB933} = {BDDA9CF1-CD15-450E-9840-9F6301BF00D6}
		{B15ABF15-A2BC-474F-9111-209DB96FE32F} = {BDDA9CF1-CD15-450E-9840-9F6301BF00D6}
		{18C06511-0335-4CDD-B4AF-BA3F193066EF} = {BDDA9CF1-CD15-450E-9840-9F6301BF00D6}
		{BD677ECF-2D13-4B75-A643-0B9DAB9EB9BE} = {BDDA9CF1-CD15-450E-9840-9F6301BF00D6}
		{87966D2A-DE83-47D6-B848-3A0564899E27} = {12512759-9AD0-4F99-BCAB-568503ACAAC1}
		{7A90DFA8-DCF6-4130-91E0-CC193DCDDC59} = {12512759-9AD0-4F99-BCAB-568503ACAAC1}
		{0637CEE1-4DCE-4017-99D4-95B801CA2FA7} = {E6D2CD49-1BA2-43DC-B885-A301809746CE}
		{29F1A010-A01B-454C-B7CB-388F3D03EB24} = {E6D2CD49-1BA2-43DC-B885-A301809746CE}
		{4339FA66-2EC0-4752-9EC1-CCFE0A7930E7} = {875463AA-AADE-4D15-88A6-A8D30EBFD723}
		{566A7FE4-CA57-40DF-86C5-A707E8B42276} = {875463AA-AADE-4D15-88A6-A8D30EBFD723}
		{B47A67DA-9569-41B5-82CC-B11BD038186E} = {875463AA-AADE-4D15-88A6-A8D30EBFD723}
		{A86DCD2F-D830-477D-853E-7B566BC90A71} = {875463AA-AADE-4D15-88A6-A8D30EBFD723}
	EndGlobalSection
EndGlobal
