
Microsoft Visual Studio Solution File, Format Version 10.00
# Visual Studio 2008
Project("{E24C65DC-7377-472B-9ABA-BC803B73C61A}") = "Ejemplo14_02", ".", "{2565FF2A-5723-4F59-BBA7-93F435732FDF}"
	ProjectSection(WebsiteProperties) = preProject
		TargetFramework = "3.5"
		Debug.AspNetCompiler.VirtualPath = "/Ejemplo14_02"
		Debug.AspNetCompiler.PhysicalPath = "..\..\..\..\..\..\BOOK\CODE\Ejemplo14_02\"
		Debug.AspNetCompiler.TargetPath = "PrecompiledWeb\Ejemplo14_02\"
		Debug.AspNetCompiler.Updateable = "true"
		Debug.AspNetCompiler.ForceOverwrite = "true"
		Debug.AspNetCompiler.FixedNames = "false"
		Debug.AspNetCompiler.Debug = "True"
		Release.AspNetCompiler.VirtualPath = "/Ejemplo14_02"
		Release.AspNetCompiler.PhysicalPath = "..\..\..\..\..\..\BOOK\CODE\Ejemplo14_02\"
		Release.AspNetCompiler.TargetPath = "PrecompiledWeb\Ejemplo14_02\"
		Release.AspNetCompiler.Updateable = "true"
		Release.AspNetCompiler.ForceOverwrite = "true"
		Release.AspNetCompiler.FixedNames = "false"
		Release.AspNetCompiler.Debug = "False"
		VWDPort = "53395"
		DefaultWebSiteLanguage = "Visual C#"
	EndProjectSection
EndProject
Global
	GlobalSection(SolutionConfigurationPlatforms) = preSolution
		Debug|.NET = Debug|.NET
	EndGlobalSection
	GlobalSection(ProjectConfigurationPlatforms) = postSolution
		{2565FF2A-5723-4F59-BBA7-93F435732FDF}.Debug|.NET.ActiveCfg = Debug|.NET
		{2565FF2A-5723-4F59-BBA7-93F435732FDF}.Debug|.NET.Build.0 = Debug|.NET
	EndGlobalSection
	GlobalSection(SolutionProperties) = preSolution
		HideSolutionNode = FALSE
	EndGlobalSection
EndGlobal
