
Microsoft Visual Studio Solution File, Format Version 10.00
# Visual Studio 2008
Project("{FAE04EC0-301F-11D3-BF4B-00C04F79EFBC}") = "Ejemplo11_02", "Ejemplo11_02\Ejemplo11_02.csproj", "{566A7FE4-CA57-40DF-86C5-A707E8B42276}"
EndProject
Global
	GlobalSection(SolutionConfigurationPlatforms) = preSolution
		Debug|Any CPU = Debug|Any CPU
		Release|Any CPU = Release|Any CPU
	EndGlobalSection
	GlobalSection(ProjectConfigurationPlatforms) = postSolution
		{566A7FE4-CA57-40DF-86C5-A707E8B42276}.Debug|Any CPU.ActiveCfg = Debug|Any CPU
		{566A7FE4-CA57-40DF-86C5-A707E8B42276}.Debug|Any CPU.Build.0 = Debug|Any CPU
		{566A7FE4-CA57-40DF-86C5-A707E8B42276}.Release|Any CPU.ActiveCfg = Release|Any CPU
		{566A7FE4-CA57-40DF-86C5-A707E8B42276}.Release|Any CPU.Build.0 = Release|Any CPU
	EndGlobalSection
	GlobalSection(SolutionProperties) = preSolution
		HideSolutionNode = FALSE
	EndGlobalSection
EndGlobal
